// !$*UTF8*$!
{
	archiveVersion = 1;
	classes = {
	};
	objectVersion = 55;
	objects = {

/* Begin PBXBuildFile section */
		F70AD8B128A0C034008E2759 /* ScheduleView.swift in Sources */ = {isa = PBXBuildFile; fileRef = F70AD8B028A0C034008E2759 /* ScheduleView.swift */; };
		F70AD8C028A0F060008E2759 /* MockDAZNService.swift in Sources */ = {isa = PBXBuildFile; fileRef = F70AD8BF28A0F060008E2759 /* MockDAZNService.swift */; };
		F70AD8C228A0F28E008E2759 /* EventsViewModelTests.swift in Sources */ = {isa = PBXBuildFile; fileRef = F70AD8C128A0F28E008E2759 /* EventsViewModelTests.swift */; };
		F70AD8C428A0F2A1008E2759 /* ScheduleViewModelTests.swift in Sources */ = {isa = PBXBuildFile; fileRef = F70AD8C328A0F2A1008E2759 /* ScheduleViewModelTests.swift */; };
		F70AD8CA28A10808008E2759 /* EventsPlayBackView.swift in Sources */ = {isa = PBXBuildFile; fileRef = F70AD8C928A10808008E2759 /* EventsPlayBackView.swift */; };
		F70AD8CC28A110CC008E2759 /* EventsPlayBackViewModel.swift in Sources */ = {isa = PBXBuildFile; fileRef = F70AD8CB28A110CC008E2759 /* EventsPlayBackViewModel.swift */; };
		F7869E25289FBE6800F3D5BB /* HooliganDAZNAppApp.swift in Sources */ = {isa = PBXBuildFile; fileRef = F7869E24289FBE6800F3D5BB /* HooliganDAZNAppApp.swift */; };
		F7869E27289FBE6800F3D5BB /* EventsView.swift in Sources */ = {isa = PBXBuildFile; fileRef = F7869E26289FBE6800F3D5BB /* EventsView.swift */; };
		F7869E29289FBE6900F3D5BB /* Assets.xcassets in Resources */ = {isa = PBXBuildFile; fileRef = F7869E28289FBE6900F3D5BB /* Assets.xcassets */; };
		F7869E2C289FBE6A00F3D5BB /* Preview Assets.xcassets in Resources */ = {isa = PBXBuildFile; fileRef = F7869E2B289FBE6A00F3D5BB /* Preview Assets.xcassets */; };
		F7869E37289FBF4D00F3D5BB /* ServiceManager.swift in Sources */ = {isa = PBXBuildFile; fileRef = F7869E36289FBF4D00F3D5BB /* ServiceManager.swift */; };
		F7869E39289FBF6D00F3D5BB /* DAZNServices.swift in Sources */ = {isa = PBXBuildFile; fileRef = F7869E38289FBF6D00F3D5BB /* DAZNServices.swift */; };
		F7869E3C289FBFB400F3D5BB /* DAZNModel.swift in Sources */ = {isa = PBXBuildFile; fileRef = F7869E3B289FBFB400F3D5BB /* DAZNModel.swift */; };
		F7869E3E289FBFDC00F3D5BB /* Strings+extension.swift in Sources */ = {isa = PBXBuildFile; fileRef = F7869E3D289FBFDC00F3D5BB /* Strings+extension.swift */; };
		F7869E40289FBFF500F3D5BB /* Dependencies.swift in Sources */ = {isa = PBXBuildFile; fileRef = F7869E3F289FBFF500F3D5BB /* Dependencies.swift */; };
		F7869E42289FC01500F3D5BB /* DependencyInjector.swift in Sources */ = {isa = PBXBuildFile; fileRef = F7869E41289FC01500F3D5BB /* DependencyInjector.swift */; };
		F7869E44289FC04E00F3D5BB /* EventsViewModel.swift in Sources */ = {isa = PBXBuildFile; fileRef = F7869E43289FC04E00F3D5BB /* EventsViewModel.swift */; };
		F7869E46289FC06100F3D5BB /* ScheduleViewModel.swift in Sources */ = {isa = PBXBuildFile; fileRef = F7869E45289FC06100F3D5BB /* ScheduleViewModel.swift */; };
/* End PBXBuildFile section */

/* Begin PBXContainerItemProxy section */
		F70AD8BA28A0E065008E2759 /* PBXContainerItemProxy */ = {
			isa = PBXContainerItemProxy;
			containerPortal = F7869E19289FBE6800F3D5BB /* Project object */;
			proxyType = 1;
			remoteGlobalIDString = F7869E20289FBE6800F3D5BB;
			remoteInfo = HooliganDAZNApp;
		};
/* End PBXContainerItemProxy section */

/* Begin PBXFileReference section */
		F70AD8B028A0C034008E2759 /* ScheduleView.swift */ = {isa = PBXFileReference; lastKnownFileType = sourcecode.swift; path = ScheduleView.swift; sourceTree = "<group>"; };
		F70AD8B628A0E065008E2759 /* HooliganDAZNAppTests.xctest */ = {isa = PBXFileReference; explicitFileType = wrapper.cfbundle; includeInIndex = 0; path = HooliganDAZNAppTests.xctest; sourceTree = BUILT_PRODUCTS_DIR; };
		F70AD8BF28A0F060008E2759 /* MockDAZNService.swift */ = {isa = PBXFileReference; lastKnownFileType = sourcecode.swift; path = MockDAZNService.swift; sourceTree = "<group>"; };
		F70AD8C128A0F28E008E2759 /* EventsViewModelTests.swift */ = {isa = PBXFileReference; lastKnownFileType = sourcecode.swift; path = EventsViewModelTests.swift; sourceTree = "<group>"; };
		F70AD8C328A0F2A1008E2759 /* ScheduleViewModelTests.swift */ = {isa = PBXFileReference; lastKnownFileType = sourcecode.swift; path = ScheduleViewModelTests.swift; sourceTree = "<group>"; };
		F70AD8C928A10808008E2759 /* EventsPlayBackView.swift */ = {isa = PBXFileReference; lastKnownFileType = sourcecode.swift; path = EventsPlayBackView.swift; sourceTree = "<group>"; };
		F70AD8CB28A110CC008E2759 /* EventsPlayBackViewModel.swift */ = {isa = PBXFileReference; lastKnownFileType = sourcecode.swift; path = EventsPlayBackViewModel.swift; sourceTree = "<group>"; };
		F7869E21289FBE6800F3D5BB /* HooliganDAZNApp.app */ = {isa = PBXFileReference; explicitFileType = wrapper.application; includeInIndex = 0; path = HooliganDAZNApp.app; sourceTree = BUILT_PRODUCTS_DIR; };
		F7869E24289FBE6800F3D5BB /* HooliganDAZNAppApp.swift */ = {isa = PBXFileReference; lastKnownFileType = sourcecode.swift; path = HooliganDAZNAppApp.swift; sourceTree = "<group>"; };
		F7869E26289FBE6800F3D5BB /* EventsView.swift */ = {isa = PBXFileReference; lastKnownFileType = sourcecode.swift; path = EventsView.swift; sourceTree = "<group>"; };
		F7869E28289FBE6900F3D5BB /* Assets.xcassets */ = {isa = PBXFileReference; lastKnownFileType = folder.assetcatalog; path = Assets.xcassets; sourceTree = "<group>"; };
		F7869E2B289FBE6A00F3D5BB /* Preview Assets.xcassets */ = {isa = PBXFileReference; lastKnownFileType = folder.assetcatalog; path = "Preview Assets.xcassets"; sourceTree = "<group>"; };
		F7869E36289FBF4D00F3D5BB /* ServiceManager.swift */ = {isa = PBXFileReference; lastKnownFileType = sourcecode.swift; path = ServiceManager.swift; sourceTree = "<group>"; };
		F7869E38289FBF6D00F3D5BB /* DAZNServices.swift */ = {isa = PBXFileReference; lastKnownFileType = sourcecode.swift; path = DAZNServices.swift; sourceTree = "<group>"; };
		F7869E3B289FBFB400F3D5BB /* DAZNModel.swift */ = {isa = PBXFileReference; lastKnownFileType = sourcecode.swift; path = DAZNModel.swift; sourceTree = "<group>"; };
		F7869E3D289FBFDC00F3D5BB /* Strings+extension.swift */ = {isa = PBXFileReference; lastKnownFileType = sourcecode.swift; path = "Strings+extension.swift"; sourceTree = "<group>"; };
		F7869E3F289FBFF500F3D5BB /* Dependencies.swift */ = {isa = PBXFileReference; lastKnownFileType = sourcecode.swift; path = Dependencies.swift; sourceTree = "<group>"; };
		F7869E41289FC01500F3D5BB /* DependencyInjector.swift */ = {isa = PBXFileReference; lastKnownFileType = sourcecode.swift; path = DependencyInjector.swift; sourceTree = "<group>"; };
		F7869E43289FC04E00F3D5BB /* EventsViewModel.swift */ = {isa = PBXFileReference; lastKnownFileType = sourcecode.swift; path = EventsViewModel.swift; sourceTree = "<group>"; };
		F7869E45289FC06100F3D5BB /* ScheduleViewModel.swift */ = {isa = PBXFileReference; lastKnownFileType = sourcecode.swift; path = ScheduleViewModel.swift; sourceTree = "<group>"; };
/* End PBXFileReference section */

/* Begin PBXFrameworksBuildPhase section */
		F70AD8B328A0E065008E2759 /* Frameworks */ = {
			isa = PBXFrameworksBuildPhase;
			buildActionMask = 2147483647;
			files = (
			);
			runOnlyForDeploymentPostprocessing = 0;
		};
		F7869E1E289FBE6800F3D5BB /* Frameworks */ = {
			isa = PBXFrameworksBuildPhase;
			buildActionMask = 2147483647;
			files = (
			);
			runOnlyForDeploymentPostprocessing = 0;
		};
/* End PBXFrameworksBuildPhase section */

/* Begin PBXGroup section */
		F70AD8B728A0E065008E2759 /* HooliganDAZNAppTests */ = {
			isa = PBXGroup;
			children = (
				F70AD8BF28A0F060008E2759 /* MockDAZNService.swift */,
				F70AD8C128A0F28E008E2759 /* EventsViewModelTests.swift */,
				F70AD8C328A0F2A1008E2759 /* ScheduleViewModelTests.swift */,
			);
			path = HooliganDAZNAppTests;
			sourceTree = "<group>";
		};
		F7869E18289FBE6800F3D5BB = {
			isa = PBXGroup;
			children = (
				F7869E23289FBE6800F3D5BB /* HooliganDAZNApp */,
				F70AD8B728A0E065008E2759 /* HooliganDAZNAppTests */,
				F7869E22289FBE6800F3D5BB /* Products */,
			);
			sourceTree = "<group>";
		};
		F7869E22289FBE6800F3D5BB /* Products */ = {
			isa = PBXGroup;
			children = (
				F7869E21289FBE6800F3D5BB /* HooliganDAZNApp.app */,
				F70AD8B628A0E065008E2759 /* HooliganDAZNAppTests.xctest */,
			);
			name = Products;
			sourceTree = "<group>";
		};
		F7869E23289FBE6800F3D5BB /* HooliganDAZNApp */ = {
			isa = PBXGroup;
			children = (
				F7869E3A289FBF9D00F3D5BB /* Model */,
				F7869E35289FBF2200F3D5BB /* Service */,
				F7869E34289FBF1300F3D5BB /* ViewModel */,
				F7869E33289FBF0200F3D5BB /* Utils */,
				F7869E32289FBEF600F3D5BB /* View */,
				F7869E24289FBE6800F3D5BB /* HooliganDAZNAppApp.swift */,
				F7869E28289FBE6900F3D5BB /* Assets.xcassets */,
				F7869E2A289FBE6A00F3D5BB /* Preview Content */,
			);
			path = HooliganDAZNApp;
			sourceTree = "<group>";
		};
		F7869E2A289FBE6A00F3D5BB /* Preview Content */ = {
			isa = PBXGroup;
			children = (
				F7869E2B289FBE6A00F3D5BB /* Preview Assets.xcassets */,
			);
			path = "Preview Content";
			sourceTree = "<group>";
		};
		F7869E32289FBEF600F3D5BB /* View */ = {
			isa = PBXGroup;
			children = (
				F7869E26289FBE6800F3D5BB /* EventsView.swift */,
				F70AD8B028A0C034008E2759 /* ScheduleView.swift */,
				F70AD8C928A10808008E2759 /* EventsPlayBackView.swift */,
			);
			path = View;
			sourceTree = "<group>";
		};
		F7869E33289FBF0200F3D5BB /* Utils */ = {
			isa = PBXGroup;
			children = (
				F7869E3D289FBFDC00F3D5BB /* Strings+extension.swift */,
				F7869E3F289FBFF500F3D5BB /* Dependencies.swift */,
				F7869E41289FC01500F3D5BB /* DependencyInjector.swift */,
			);
			path = Utils;
			sourceTree = "<group>";
		};
		F7869E34289FBF1300F3D5BB /* ViewModel */ = {
			isa = PBXGroup;
			children = (
				F7869E43289FC04E00F3D5BB /* EventsViewModel.swift */,
				F7869E45289FC06100F3D5BB /* ScheduleViewModel.swift */,
				F70AD8CB28A110CC008E2759 /* EventsPlayBackViewModel.swift */,
			);
			path = ViewModel;
			sourceTree = "<group>";
		};
		F7869E35289FBF2200F3D5BB /* Service */ = {
			isa = PBXGroup;
			children = (
				F7869E36289FBF4D00F3D5BB /* ServiceManager.swift */,
				F7869E38289FBF6D00F3D5BB /* DAZNServices.swift */,
			);
			path = Service;
			sourceTree = "<group>";
		};
		F7869E3A289FBF9D00F3D5BB /* Model */ = {
			isa = PBXGroup;
			children = (
				F7869E3B289FBFB400F3D5BB /* DAZNModel.swift */,
			);
			path = Model;
			sourceTree = "<group>";
		};
/* End PBXGroup section */

/* Begin PBXNativeTarget section */
		F70AD8B528A0E065008E2759 /* HooliganDAZNAppTests */ = {
			isa = PBXNativeTarget;
			buildConfigurationList = F70AD8BC28A0E066008E2759 /* Build configuration list for PBXNativeTarget "HooliganDAZNAppTests" */;
			buildPhases = (
				F70AD8B228A0E065008E2759 /* Sources */,
				F70AD8B328A0E065008E2759 /* Frameworks */,
				F70AD8B428A0E065008E2759 /* Resources */,
			);
			buildRules = (
			);
			dependencies = (
				F70AD8BB28A0E065008E2759 /* PBXTargetDependency */,
			);
			name = HooliganDAZNAppTests;
			productName = HooliganDAZNAppTests;
			productReference = F70AD8B628A0E065008E2759 /* HooliganDAZNAppTests.xctest */;
			productType = "com.apple.product-type.bundle.unit-test";
		};
		F7869E20289FBE6800F3D5BB /* HooliganDAZNApp */ = {
			isa = PBXNativeTarget;
			buildConfigurationList = F7869E2F289FBE6A00F3D5BB /* Build configuration list for PBXNativeTarget "HooliganDAZNApp" */;
			buildPhases = (
				F7869E1D289FBE6800F3D5BB /* Sources */,
				F7869E1E289FBE6800F3D5BB /* Frameworks */,
				F7869E1F289FBE6800F3D5BB /* Resources */,
			);
			buildRules = (
			);
			dependencies = (
			);
			name = HooliganDAZNApp;
			productName = HooliganDAZNApp;
			productReference = F7869E21289FBE6800F3D5BB /* HooliganDAZNApp.app */;
			productType = "com.apple.product-type.application";
		};
/* End PBXNativeTarget section */

/* Begin PBXProject section */
		F7869E19289FBE6800F3D5BB /* Project object */ = {
			isa = PBXProject;
			attributes = {
				BuildIndependentTargetsInParallel = 1;
				LastSwiftUpdateCheck = 1340;
				LastUpgradeCheck = 1340;
				TargetAttributes = {
					F70AD8B528A0E065008E2759 = {
						CreatedOnToolsVersion = 13.4.1;
						TestTargetID = F7869E20289FBE6800F3D5BB;
					};
					F7869E20289FBE6800F3D5BB = {
						CreatedOnToolsVersion = 13.4.1;
					};
				};
			};
			buildConfigurationList = F7869E1C289FBE6800F3D5BB /* Build configuration list for PBXProject "HooliganDAZNApp" */;
			compatibilityVersion = "Xcode 13.0";
			developmentRegion = en;
			hasScannedForEncodings = 0;
			knownRegions = (
				en,
				Base,
			);
			mainGroup = F7869E18289FBE6800F3D5BB;
			productRefGroup = F7869E22289FBE6800F3D5BB /* Products */;
			projectDirPath = "";
			projectRoot = "";
			targets = (
				F7869E20289FBE6800F3D5BB /* HooliganDAZNApp */,
				F70AD8B528A0E065008E2759 /* HooliganDAZNAppTests */,
			);
		};
/* End PBXProject section */

/* Begin PBXResourcesBuildPhase section */
		F70AD8B428A0E065008E2759 /* Resources */ = {
			isa = PBXResourcesBuildPhase;
			buildActionMask = 2147483647;
			files = (
			);
			runOnlyForDeploymentPostprocessing = 0;
		};
		F7869E1F289FBE6800F3D5BB /* Resources */ = {
			isa = PBXResourcesBuildPhase;
			buildActionMask = 2147483647;
			files = (
				F7869E2C289FBE6A00F3D5BB /* Preview Assets.xcassets in Resources */,
				F7869E29289FBE6900F3D5BB /* Assets.xcassets in Resources */,
			);
			runOnlyForDeploymentPostprocessing = 0;
		};
/* End PBXResourcesBuildPhase section */

/* Begin PBXSourcesBuildPhase section */
		F70AD8B228A0E065008E2759 /* Sources */ = {
			isa = PBXSourcesBuildPhase;
			buildActionMask = 2147483647;
			files = (
				F70AD8C028A0F060008E2759 /* MockDAZNService.swift in Sources */,
				F70AD8C228A0F28E008E2759 /* EventsViewModelTests.swift in Sources */,
				F70AD8C428A0F2A1008E2759 /* ScheduleViewModelTests.swift in Sources */,
			);
			runOnlyForDeploymentPostprocessing = 0;
		};
		F7869E1D289FBE6800F3D5BB /* Sources */ = {
			isa = PBXSourcesBuildPhase;
			buildActionMask = 2147483647;
			files = (
				F7869E42289FC01500F3D5BB /* DependencyInjector.swift in Sources */,
				F7869E40289FBFF500F3D5BB /* Dependencies.swift in Sources */,
				F7869E27289FBE6800F3D5BB /* EventsView.swift in Sources */,
				F7869E46289FC06100F3D5BB /* ScheduleViewModel.swift in Sources */,
				F7869E25289FBE6800F3D5BB /* HooliganDAZNAppApp.swift in Sources */,
				F7869E3E289FBFDC00F3D5BB /* Strings+extension.swift in Sources */,
				F70AD8CC28A110CC008E2759 /* EventsPlayBackViewModel.swift in Sources */,
				F7869E3C289FBFB400F3D5BB /* DAZNModel.swift in Sources */,
				F7869E44289FC04E00F3D5BB /* EventsViewModel.swift in Sources */,
				F7869E39289FBF6D00F3D5BB /* DAZNServices.swift in Sources */,
				F70AD8B128A0C034008E2759 /* ScheduleView.swift in Sources */,
				F70AD8CA28A10808008E2759 /* EventsPlayBackView.swift in Sources */,
				F7869E37289FBF4D00F3D5BB /* ServiceManager.swift in Sources */,
			);
			runOnlyForDeploymentPostprocessing = 0;
		};
/* End PBXSourcesBuildPhase section */

/* Begin PBXTargetDependency section */
		F70AD8BB28A0E065008E2759 /* PBXTargetDependency */ = {
			isa = PBXTargetDependency;
			target = F7869E20289FBE6800F3D5BB /* HooliganDAZNApp */;
			targetProxy = F70AD8BA28A0E065008E2759 /* PBXContainerItemProxy */;
		};
/* End PBXTargetDependency section */

/* Begin XCBuildConfiguration section */
		F70AD8BD28A0E066008E2759 /* Debug */ = {
			isa = XCBuildConfiguration;
			buildSettings = {
				BUNDLE_LOADER = "$(TEST_HOST)";
				CODE_SIGN_STYLE = Automatic;
				CURRENT_PROJECT_VERSION = 1;
				GENERATE_INFOPLIST_FILE = YES;
				MARKETING_VERSION = 1.0;
				PRODUCT_BUNDLE_IDENTIFIER = com.ThanyaniRonny.HooliganDAZNAppTests;
				PRODUCT_NAME = "$(TARGET_NAME)";
				SWIFT_EMIT_LOC_STRINGS = NO;
				SWIFT_VERSION = 5.0;
				TARGETED_DEVICE_FAMILY = "1,2";
				TEST_HOST = "$(BUILT_PRODUCTS_DIR)/HooliganDAZNApp.app/HooliganDAZNApp";
			};
			name = Debug;
		};
		F70AD8BE28A0E066008E2759 /* Release */ = {
			isa = XCBuildConfiguration;
			buildSettings = {
				BUNDLE_LOADER = "$(TEST_HOST)";
				CODE_SIGN_STYLE = Automatic;
				CURRENT_PROJECT_VERSION = 1;
				GENERATE_INFOPLIST_FILE = YES;
				MARKETING_VERSION = 1.0;
				PRODUCT_BUNDLE_IDENTIFIER = com.ThanyaniRonny.HooliganDAZNAppTests;
				PRODUCT_NAME = "$(TARGET_NAME)";
				SWIFT_EMIT_LOC_STRINGS = NO;
				SWIFT_VERSION = 5.0;
				TARGETED_DEVICE_FAMILY = "1,2";
				TEST_HOST = "$(BUILT_PRODUCTS_DIR)/HooliganDAZNApp.app/HooliganDAZNApp";
			};
			name = Release;
		};
		F7869E2D289FBE6A00F3D5BB /* Debug */ = {
			isa = XCBuildConfiguration;
			buildSettings = {
				ALWAYS_SEARCH_USER_PATHS = NO;
				CLANG_ANALYZER_NONNULL = YES;
				CLANG_ANALYZER_NUMBER_OBJECT_CONVERSION = YES_AGGRESSIVE;
				CLANG_CXX_LANGUAGE_STANDARD = "gnu++17";
				CLANG_ENABLE_MODULES = YES;
				CLANG_ENABLE_OBJC_ARC = YES;
				CLANG_ENABLE_OBJC_WEAK = YES;
				CLANG_WARN_BLOCK_CAPTURE_AUTORELEASING = YES;
				CLANG_WARN_BOOL_CONVERSION = YES;
				CLANG_WARN_COMMA = YES;
				CLANG_WARN_CONSTANT_CONVERSION = YES;
				CLANG_WARN_DEPRECATED_OBJC_IMPLEMENTATIONS = YES;
				CLANG_WARN_DIRECT_OBJC_ISA_USAGE = YES_ERROR;
				CLANG_WARN_DOCUMENTATION_COMMENTS = YES;
				CLANG_WARN_EMPTY_BODY = YES;
				CLANG_WARN_ENUM_CONVERSION = YES;
				CLANG_WARN_INFINITE_RECURSION = YES;
				CLANG_WARN_INT_CONVERSION = YES;
				CLANG_WARN_NON_LITERAL_NULL_CONVERSION = YES;
				CLANG_WARN_OBJC_IMPLICIT_RETAIN_SELF = YES;
				CLANG_WARN_OBJC_LITERAL_CONVERSION = YES;
				CLANG_WARN_OBJC_ROOT_CLASS = YES_ERROR;
				CLANG_WARN_QUOTED_INCLUDE_IN_FRAMEWORK_HEADER = YES;
				CLANG_WARN_RANGE_LOOP_ANALYSIS = YES;
				CLANG_WARN_STRICT_PROTOTYPES = YES;
				CLANG_WARN_SUSPICIOUS_MOVE = YES;
				CLANG_WARN_UNGUARDED_AVAILABILITY = YES_AGGRESSIVE;
				CLANG_WARN_UNREACHABLE_CODE = YES;
				CLANG_WARN__DUPLICATE_METHOD_MATCH = YES;
				COPY_PHASE_STRIP = NO;
				DEBUG_INFORMATION_FORMAT = dwarf;
				ENABLE_STRICT_OBJC_MSGSEND = YES;
				ENABLE_TESTABILITY = YES;
				GCC_C_LANGUAGE_STANDARD = gnu11;
				GCC_DYNAMIC_NO_PIC = NO;
				GCC_NO_COMMON_BLOCKS = YES;
				GCC_OPTIMIZATION_LEVEL = 0;
				GCC_PREPROCESSOR_DEFINITIONS = (
					"DEBUG=1",
					"$(inherited)",
				);
				GCC_WARN_64_TO_32_BIT_CONVERSION = YES;
				GCC_WARN_ABOUT_RETURN_TYPE = YES_ERROR;
				GCC_WARN_UNDECLARED_SELECTOR = YES;
				GCC_WARN_UNINITIALIZED_AUTOS = YES_AGGRESSIVE;
				GCC_WARN_UNUSED_FUNCTION = YES;
				GCC_WARN_UNUSED_VARIABLE = YES;
				IPHONEOS_DEPLOYMENT_TARGET = 15.5;
				MTL_ENABLE_DEBUG_INFO = INCLUDE_SOURCE;
				MTL_FAST_MATH = YES;
				ONLY_ACTIVE_ARCH = YES;
				SDKROOT = iphoneos;
				SWIFT_ACTIVE_COMPILATION_CONDITIONS = DEBUG;
				SWIFT_OPTIMIZATION_LEVEL = "-Onone";
			};
			name = Debug;
		};
		F7869E2E289FBE6A00F3D5BB /* Release */ = {
			isa = XCBuildConfiguration;
			buildSettings = {
				ALWAYS_SEARCH_USER_PATHS = NO;
				CLANG_ANALYZER_NONNULL = YES;
				CLANG_ANALYZER_NUMBER_OBJECT_CONVERSION = YES_AGGRESSIVE;
				CLANG_CXX_LANGUAGE_STANDARD = "gnu++17";
				CLANG_ENABLE_MODULES = YES;
				CLANG_ENABLE_OBJC_ARC = YES;
				CLANG_ENABLE_OBJC_WEAK = YES;
				CLANG_WARN_BLOCK_CAPTURE_AUTORELEASING = YES;
				CLANG_WARN_BOOL_CONVERSION = YES;
				CLANG_WARN_COMMA = YES;
				CLANG_WARN_CONSTANT_CONVERSION = YES;
				CLANG_WARN_DEPRECATED_OBJC_IMPLEMENTATIONS = YES;
				CLANG_WARN_DIRECT_OBJC_ISA_USAGE = YES_ERROR;
				CLANG_WARN_DOCUMENTATION_COMMENTS = YES;
				CLANG_WARN_EMPTY_BODY = YES;
				CLANG_WARN_ENUM_CONVERSION = YES;
				CLANG_WARN_INFINITE_RECURSION = YES;
				CLANG_WARN_INT_CONVERSION = YES;
				CLANG_WARN_NON_LITERAL_NULL_CONVERSION = YES;
				CLANG_WARN_OBJC_IMPLICIT_RETAIN_SELF = YES;
				CLANG_WARN_OBJC_LITERAL_CONVERSION = YES;
				CLANG_WARN_OBJC_ROOT_CLASS = YES_ERROR;
				CLANG_WARN_QUOTED_INCLUDE_IN_FRAMEWORK_HEADER = YES;
				CLANG_WARN_RANGE_LOOP_ANALYSIS = YES;
				CLANG_WARN_STRICT_PROTOTYPES = YES;
				CLANG_WARN_SUSPICIOUS_MOVE = YES;
				CLANG_WARN_UNGUARDED_AVAILABILITY = YES_AGGRESSIVE;
				CLANG_WARN_UNREACHABLE_CODE = YES;
				CLANG_WARN__DUPLICATE_METHOD_MATCH = YES;
				COPY_PHASE_STRIP = NO;
				DEBUG_INFORMATION_FORMAT = "dwarf-with-dsym";
				ENABLE_NS_ASSERTIONS = NO;
				ENABLE_STRICT_OBJC_MSGSEND = YES;
				GCC_C_LANGUAGE_STANDARD = gnu11;
				GCC_NO_COMMON_BLOCKS = YES;
				GCC_WARN_64_TO_32_BIT_CONVERSION = YES;
				GCC_WARN_ABOUT_RETURN_TYPE = YES_ERROR;
				GCC_WARN_UNDECLARED_SELECTOR = YES;
				GCC_WARN_UNINITIALIZED_AUTOS = YES_AGGRESSIVE;
				GCC_WARN_UNUSED_FUNCTION = YES;
				GCC_WARN_UNUSED_VARIABLE = YES;
				IPHONEOS_DEPLOYMENT_TARGET = 15.5;
				MTL_ENABLE_DEBUG_INFO = NO;
				MTL_FAST_MATH = YES;
				SDKROOT = iphoneos;
				SWIFT_COMPILATION_MODE = wholemodule;
				SWIFT_OPTIMIZATION_LEVEL = "-O";
				VALIDATE_PRODUCT = YES;
			};
			name = Release;
		};
		F7869E30289FBE6A00F3D5BB /* Debug */ = {
			isa = XCBuildConfiguration;
			buildSettings = {
				ASSETCATALOG_COMPILER_APPICON_NAME = AppIcon;
				ASSETCATALOG_COMPILER_GLOBAL_ACCENT_COLOR_NAME = AccentColor;
				CODE_SIGN_STYLE = Automatic;
				CURRENT_PROJECT_VERSION = 1;
				DEVELOPMENT_ASSET_PATHS = "\"HooliganDAZNApp/Preview Content\"";
				ENABLE_PREVIEWS = YES;
				GENERATE_INFOPLIST_FILE = YES;
				INFOPLIST_KEY_UIApplicationSceneManifest_Generation = YES;
				INFOPLIST_KEY_UIApplicationSupportsIndirectInputEvents = YES;
				INFOPLIST_KEY_UILaunchScreen_Generation = YES;
				INFOPLIST_KEY_UISupportedInterfaceOrientations_iPad = "UIInterfaceOrientationPortrait UIInterfaceOrientationPortraitUpsideDown UIInterfaceOrientationLandscapeLeft UIInterfaceOrientationLandscapeRight";
				INFOPLIST_KEY_UISupportedInterfaceOrientations_iPhone = "UIInterfaceOrientationPortrait UIInterfaceOrientationLandscapeLeft UIInterfaceOrientationLandscapeRight";
				LD_RUNPATH_SEARCH_PATHS = (
					"$(inherited)",
					"@executable_path/Frameworks",
				);
				MARKETING_VERSION = 1.0;
				PRODUCT_BUNDLE_IDENTIFIER = com.ThanyaniRonny.HooliganDAZNApp;
				PRODUCT_NAME = "$(TARGET_NAME)";
				SWIFT_EMIT_LOC_STRINGS = YES;
				SWIFT_VERSION = 5.0;
				TARGETED_DEVICE_FAMILY = "1,2";
			};
			name = Debug;
		};
		F7869E31289FBE6A00F3D5BB /* Release */ = {
			isa = XCBuildConfiguration;
			buildSettings = {
				ASSETCATALOG_COMPILER_APPICON_NAME = AppIcon;
				ASSETCATALOG_COMPILER_GLOBAL_ACCENT_COLOR_NAME = AccentColor;
				CODE_SIGN_STYLE = Automatic;
				CURRENT_PROJECT_VERSION = 1;
				DEVELOPMENT_ASSET_PATHS = "\"HooliganDAZNApp/Preview Content\"";
				ENABLE_PREVIEWS = YES;
				GENERATE_INFOPLIST_FILE = YES;
				INFOPLIST_KEY_UIApplicationSceneManifest_Generation = YES;
				INFOPLIST_KEY_UIApplicationSupportsIndirectInputEvents = YES;
				INFOPLIST_KEY_UILaunchScreen_Generation = YES;
				INFOPLIST_KEY_UISupportedInterfaceOrientations_iPad = "UIInterfaceOrientationPortrait UIInterfaceOrientationPortraitUpsideDown UIInterfaceOrientationLandscapeLeft UIInterfaceOrientationLandscapeRight";
				INFOPLIST_KEY_UISupportedInterfaceOrientations_iPhone = "UIInterfaceOrientationPortrait UIInterfaceOrientationLandscapeLeft UIInterfaceOrientationLandscapeRight";
				LD_RUNPATH_SEARCH_PATHS = (
					"$(inherited)",
					"@executable_path/Frameworks",
				);
				MARKETING_VERSION = 1.0;
				PRODUCT_BUNDLE_IDENTIFIER = com.ThanyaniRonny.HooliganDAZNApp;
				PRODUCT_NAME = "$(TARGET_NAME)";
				SWIFT_EMIT_LOC_STRINGS = YES;
				SWIFT_VERSION = 5.0;
				TARGETED_DEVICE_FAMILY = "1,2";
			};
			name = Release;
		};
/* End XCBuildConfiguration section */

/* Begin XCConfigurationList section */
		F70AD8BC28A0E066008E2759 /* Build configuration list for PBXNativeTarget "HooliganDAZNAppTests" */ = {
			isa = XCConfigurationList;
			buildConfigurations = (
				F70AD8BD28A0E066008E2759 /* Debug */,
				F70AD8BE28A0E066008E2759 /* Release */,
			);
			defaultConfigurationIsVisible = 0;
			defaultConfigurationName = Release;
		};
		F7869E1C289FBE6800F3D5BB /* Build configuration list for PBXProject "HooliganDAZNApp" */ = {
			isa = XCConfigurationList;
			buildConfigurations = (
				F7869E2D289FBE6A00F3D5BB /* Debug */,
				F7869E2E289FBE6A00F3D5BB /* Release */,
			);
			defaultConfigurationIsVisible = 0;
			defaultConfigurationName = Release;
		};
		F7869E2F289FBE6A00F3D5BB /* Build configuration list for PBXNativeTarget "HooliganDAZNApp" */ = {
			isa = XCConfigurationList;
			buildConfigurations = (
				F7869E30289FBE6A00F3D5BB /* Debug */,
				F7869E31289FBE6A00F3D5BB /* Release */,
			);
			defaultConfigurationIsVisible = 0;
			defaultConfigurationName = Release;
		};
/* End XCConfigurationList section */
	};
	rootObject = F7869E19289FBE6800F3D5BB /* Project object */;
}
